
Microsoft Visual Studio Solution File, Format Version 12.00
# Visual Studio Version 17
VisualStudioVersion = 17.1.32421.90
MinimumVisualStudioVersion = 10.0.40219.1
Project("{FAE04EC0-301F-11D3-BF4B-00C04F79EFBC}") = "SexyExtending.Common", "SexyExtending.Common\SexyExtending.Common.csproj", "{A2F3F324-85BF-4EFB-A21C-950498C3CBC0}"
EndProject
Project("{FAE04EC0-301F-11D3-BF4B-00C04F79EFBC}") = "SexyExtending", "SexyExtending\SexyExtending.csproj", "{8435BB13-7693-4D65-9F6F-C68AF23E4567}"
EndProject
Project("{FAE04EC0-301F-11D3-BF4B-00C04F79EFBC}") = "ASexyExtension", "ASexyExtension\ASexyExtension.csproj", "{F9594944-A8E3-4C7B-91EC-2D0B8A2E4EE5}"
EndProject
Project("{2150E333-8FDC-42A3-9474-1A3956D46DE8}") = "Solution Items", "Solution Items", "{F6B2F619-5BC8-49DD-9295-84432F37F008}"
	ProjectSection(SolutionItems) = preProject
		.editorconfig = .editorconfig
	EndProjectSection
EndProject
Project("{2150E333-8FDC-42A3-9474-1A3956D46DE8}") = "Install", "Install", "{1E4428B5-6548-4DE4-9893-51DFA67B1E89}"
EndProject
Project("{FAE04EC0-301F-11D3-BF4B-00C04F79EFBC}") = "SexyLauncher", "Install\SexyLauncher\SexyLauncher.csproj", "{B9897022-0299-4C8D-8204-B820ADB6F787}"
EndProject
Project("{FAE04EC0-301F-11D3-BF4B-00C04F79EFBC}") = "SexyLoader", "Install\SexyExtending\SexyLoader.csproj", "{CAE8A7EE-B53D-4396-9AD5-FFDCAF564438}"
EndProject
Project("{9A19103F-16F7-4668-BE54-9A1E7A4F7556}") = "SexyLoader.BepinEx", "SexyLoader.BepinEx\SexyLoader.BepinEx.csproj", "{48D26FA1-ADB7-47DA-B1E0-C6A1FF36D53B}"
EndProject
Project("{2150E333-8FDC-42A3-9474-1A3956D46DE8}") = "Extensions", "Extensions", "{3CFE7DE7-23F4-464B-89CC-8C8A46E84E75}"
EndProject
Project("{FAE04EC0-301F-11D3-BF4B-00C04F79EFBC}") = "DateTimer", "Extensions\DateTimer\DateTimer.csproj", "{3C82CE8D-6AFD-4147-9DE4-6B11BC2F9AC7}"
EndProject
Project("{FAE04EC0-301F-11D3-BF4B-00C04F79EFBC}") = "SexyExtending.Piper", "SexyExtending.Piper\SexyExtending.Piper.csproj", "{B734B045-DF3E-446E-BC83-4A85976B1AE7}"
EndProject
Global
	GlobalSection(SolutionConfigurationPlatforms) = preSolution
		Debug|Any CPU = Debug|Any CPU
		Release|Any CPU = Release|Any CPU
	EndGlobalSection
	GlobalSection(ProjectConfigurationPlatforms) = postSolution
		{A2F3F324-85BF-4EFB-A21C-950498C3CBC0}.Debug|Any CPU.ActiveCfg = Debug|Any CPU
		{A2F3F324-85BF-4EFB-A21C-950498C3CBC0}.Debug|Any CPU.Build.0 = Debug|Any CPU
		{A2F3F324-85BF-4EFB-A21C-950498C3CBC0}.Release|Any CPU.ActiveCfg = Release|Any CPU
		{A2F3F324-85BF-4EFB-A21C-950498C3CBC0}.Release|Any CPU.Build.0 = Release|Any CPU
		{8435BB13-7693-4D65-9F6F-C68AF23E4567}.Debug|Any CPU.ActiveCfg = Debug|Any CPU
		{8435BB13-7693-4D65-9F6F-C68AF23E4567}.Debug|Any CPU.Build.0 = Debug|Any CPU
		{8435BB13-7693-4D65-9F6F-C68AF23E4567}.Release|Any CPU.ActiveCfg = Release|Any CPU
		{8435BB13-7693-4D65-9F6F-C68AF23E4567}.Release|Any CPU.Build.0 = Release|Any CPU
		{F9594944-A8E3-4C7B-91EC-2D0B8A2E4EE5}.Debug|Any CPU.ActiveCfg = Debug|Any CPU
		{F9594944-A8E3-4C7B-91EC-2D0B8A2E4EE5}.Debug|Any CPU.Build.0 = Debug|Any CPU
		{F9594944-A8E3-4C7B-91EC-2D0B8A2E4EE5}.Release|Any CPU.ActiveCfg = Release|Any CPU
		{F9594944-A8E3-4C7B-91EC-2D0B8A2E4EE5}.Release|Any CPU.Build.0 = Release|Any CPU
		{B9897022-0299-4C8D-8204-B820ADB6F787}.Debug|Any CPU.ActiveCfg = Debug|Any CPU
		{B9897022-0299-4C8D-8204-B820ADB6F787}.Debug|Any CPU.Build.0 = Debug|Any CPU
		{B9897022-0299-4C8D-8204-B820ADB6F787}.Release|Any CPU.ActiveCfg = Release|Any CPU
		{B9897022-0299-4C8D-8204-B820ADB6F787}.Release|Any CPU.Build.0 = Release|Any CPU
		{CAE8A7EE-B53D-4396-9AD5-FFDCAF564438}.Debug|Any CPU.ActiveCfg = Debug|Any CPU
		{CAE8A7EE-B53D-4396-9AD5-FFDCAF564438}.Debug|Any CPU.Build.0 = Debug|Any CPU
		{CAE8A7EE-B53D-4396-9AD5-FFDCAF564438}.Release|Any CPU.ActiveCfg = Release|Any CPU
		{CAE8A7EE-B53D-4396-9AD5-FFDCAF564438}.Release|Any CPU.Build.0 = Release|Any CPU
		{48D26FA1-ADB7-47DA-B1E0-C6A1FF36D53B}.Debug|Any CPU.ActiveCfg = Debug|Any CPU
		{48D26FA1-ADB7-47DA-B1E0-C6A1FF36D53B}.Debug|Any CPU.Build.0 = Debug|Any CPU
		{48D26FA1-ADB7-47DA-B1E0-C6A1FF36D53B}.Release|Any CPU.ActiveCfg = Release|Any CPU
		{48D26FA1-ADB7-47DA-B1E0-C6A1FF36D53B}.Release|Any CPU.Build.0 = Release|Any CPU
		{3C82CE8D-6AFD-4147-9DE4-6B11BC2F9AC7}.Debug|Any CPU.ActiveCfg = Debug|Any CPU
		{3C82CE8D-6AFD-4147-9DE4-6B11BC2F9AC7}.Debug|Any CPU.Build.0 = Debug|Any CPU
		{3C82CE8D-6AFD-4147-9DE4-6B11BC2F9AC7}.Release|Any CPU.ActiveCfg = Release|Any CPU
		{3C82CE8D-6AFD-4147-9DE4-6B11BC2F9AC7}.Release|Any CPU.Build.0 = Release|Any CPU
		{B734B045-DF3E-446E-BC83-4A85976B1AE7}.Debug|Any CPU.ActiveCfg = Debug|Any CPU
		{B734B045-DF3E-446E-BC83-4A85976B1AE7}.Debug|Any CPU.Build.0 = Debug|Any CPU
		{B734B045-DF3E-446E-BC83-4A85976B1AE7}.Release|Any CPU.ActiveCfg = Release|Any CPU
		{B734B045-DF3E-446E-BC83-4A85976B1AE7}.Release|Any CPU.Build.0 = Release|Any CPU
	EndGlobalSection
	GlobalSection(SolutionProperties) = preSolution
		HideSolutionNode = FALSE
	EndGlobalSection
	GlobalSection(NestedProjects) = preSolution
		{B9897022-0299-4C8D-8204-B820ADB6F787} = {1E4428B5-6548-4DE4-9893-51DFA67B1E89}
		{CAE8A7EE-B53D-4396-9AD5-FFDCAF564438} = {1E4428B5-6548-4DE4-9893-51DFA67B1E89}
		{3C82CE8D-6AFD-4147-9DE4-6B11BC2F9AC7} = {3CFE7DE7-23F4-464B-89CC-8C8A46E84E75}
	EndGlobalSection
	GlobalSection(ExtensibilityGlobals) = postSolution
		SolutionGuid = {909A4C97-6E94-44D9-A028-1D89E4FD52BF}
	EndGlobalSection
EndGlobal
